// !$*UTF8*$!
{
	archiveVersion = 1;
	classes = {
	};
	objectVersion = 50;
	objects = {

/* Begin PBXBuildFile section */
		C56CB60D27981C0500CBF7E1 /* TamagotchiApp.swift in Sources */ = {isa = PBXBuildFile; fileRef = C56CB60C27981C0500CBF7E1 /* TamagotchiApp.swift */; };
		C56CB60F27981C0500CBF7E1 /* ContentView.swift in Sources */ = {isa = PBXBuildFile; fileRef = C56CB60E27981C0500CBF7E1 /* ContentView.swift */; };
		C56CB61127981C0600CBF7E1 /* Assets.xcassets in Resources */ = {isa = PBXBuildFile; fileRef = C56CB61027981C0600CBF7E1 /* Assets.xcassets */; };
		C56CB61427981C0600CBF7E1 /* Preview Assets.xcassets in Resources */ = {isa = PBXBuildFile; fileRef = C56CB61327981C0600CBF7E1 /* Preview Assets.xcassets */; };
		C56CB61F27981C0600CBF7E1 /* TamagotchiTests.swift in Sources */ = {isa = PBXBuildFile; fileRef = C56CB61E27981C0600CBF7E1 /* TamagotchiTests.swift */; };
		C56CB62A27981C0600CBF7E1 /* TamagotchiUITests.swift in Sources */ = {isa = PBXBuildFile; fileRef = C56CB62927981C0600CBF7E1 /* TamagotchiUITests.swift */; };
/* End PBXBuildFile section */

/* Begin PBXContainerItemProxy section */
		C56CB61B27981C0600CBF7E1 /* PBXContainerItemProxy */ = {
			isa = PBXContainerItemProxy;
			containerPortal = C56CB60127981C0500CBF7E1 /* Project object */;
			proxyType = 1;
			remoteGlobalIDString = C56CB60827981C0500CBF7E1;
			remoteInfo = Tamagotchi;
		};
		C56CB62627981C0600CBF7E1 /* PBXContainerItemProxy */ = {
			isa = PBXContainerItemProxy;
			containerPortal = C56CB60127981C0500CBF7E1 /* Project object */;
			proxyType = 1;
			remoteGlobalIDString = C56CB60827981C0500CBF7E1;
			remoteInfo = Tamagotchi;
		};
/* End PBXContainerItemProxy section */

/* Begin PBXFileReference section */
		C56CB60927981C0500CBF7E1 /* Tamagotchi.app */ = {isa = PBXFileReference; explicitFileType = wrapper.application; includeInIndex = 0; path = Tamagotchi.app; sourceTree = BUILT_PRODUCTS_DIR; };
		C56CB60C27981C0500CBF7E1 /* TamagotchiApp.swift */ = {isa = PBXFileReference; lastKnownFileType = sourcecode.swift; path = TamagotchiApp.swift; sourceTree = "<group>"; };
		C56CB60E27981C0500CBF7E1 /* ContentView.swift */ = {isa = PBXFileReference; lastKnownFileType = sourcecode.swift; path = ContentView.swift; sourceTree = "<group>"; };
		C56CB61027981C0600CBF7E1 /* Assets.xcassets */ = {isa = PBXFileReference; lastKnownFileType = folder.assetcatalog; path = Assets.xcassets; sourceTree = "<group>"; };
		C56CB61327981C0600CBF7E1 /* Preview Assets.xcassets */ = {isa = PBXFileReference; lastKnownFileType = folder.assetcatalog; path = "Preview Assets.xcassets"; sourceTree = "<group>"; };
		C56CB61527981C0600CBF7E1 /* Info.plist */ = {isa = PBXFileReference; lastKnownFileType = text.plist.xml; path = Info.plist; sourceTree = "<group>"; };
		C56CB61A27981C0600CBF7E1 /* TamagotchiTests.xctest */ = {isa = PBXFileReference; explicitFileType = wrapper.cfbundle; includeInIndex = 0; path = TamagotchiTests.xctest; sourceTree = BUILT_PRODUCTS_DIR; };
		C56CB61E27981C0600CBF7E1 /* TamagotchiTests.swift */ = {isa = PBXFileReference; lastKnownFileType = sourcecode.swift; path = TamagotchiTests.swift; sourceTree = "<group>"; };
		C56CB62027981C0600CBF7E1 /* Info.plist */ = {isa = PBXFileReference; lastKnownFileType = text.plist.xml; path = Info.plist; sourceTree = "<group>"; };
		C56CB62527981C0600CBF7E1 /* TamagotchiUITests.xctest */ = {isa = PBXFileReference; explicitFileType = wrapper.cfbundle; includeInIndex = 0; path = TamagotchiUITests.xctest; sourceTree = BUILT_PRODUCTS_DIR; };
		C56CB62927981C0600CBF7E1 /* TamagotchiUITests.swift */ = {isa = PBXFileReference; lastKnownFileType = sourcecode.swift; path = TamagotchiUITests.swift; sourceTree = "<group>"; };
		C56CB62B27981C0600CBF7E1 /* Info.plist */ = {isa = PBXFileReference; lastKnownFileType = text.plist.xml; path = Info.plist; sourceTree = "<group>"; };
/* End PBXFileReference section */

/* Begin PBXFrameworksBuildPhase section */
		C56CB60627981C0500CBF7E1 /* Frameworks */ = {
			isa = PBXFrameworksBuildPhase;
			buildActionMask = 2147483647;
			files = (
			);
			runOnlyForDeploymentPostprocessing = 0;
		};
		C56CB61727981C0600CBF7E1 /* Frameworks */ = {
			isa = PBXFrameworksBuildPhase;
			buildActionMask = 2147483647;
			files = (
			);
			runOnlyForDeploymentPostprocessing = 0;
		};
		C56CB62227981C0600CBF7E1 /* Frameworks */ = {
			isa = PBXFrameworksBuildPhase;
			buildActionMask = 2147483647;
			files = (
			);
			runOnlyForDeploymentPostprocessing = 0;
		};
/* End PBXFrameworksBuildPhase section */

/* Begin PBXGroup section */
		C56CB60027981C0500CBF7E1 = {
			isa = PBXGroup;
			children = (
				C56CB60B27981C0500CBF7E1 /* Tamagotchi */,
				C56CB61D27981C0600CBF7E1 /* TamagotchiTests */,
				C56CB62827981C0600CBF7E1 /* TamagotchiUITests */,
				C56CB60A27981C0500CBF7E1 /* Products */,
			);
			sourceTree = "<group>";
		};
		C56CB60A27981C0500CBF7E1 /* Products */ = {
			isa = PBXGroup;
			children = (
				C56CB60927981C0500CBF7E1 /* Tamagotchi.app */,
				C56CB61A27981C0600CBF7E1 /* TamagotchiTests.xctest */,
				C56CB62527981C0600CBF7E1 /* TamagotchiUITests.xctest */,
			);
			name = Products;
			sourceTree = "<group>";
		};
		C56CB60B27981C0500CBF7E1 /* Tamagotchi */ = {
			isa = PBXGroup;
			children = (
				C56CB60C27981C0500CBF7E1 /* TamagotchiApp.swift */,
				C56CB60E27981C0500CBF7E1 /* ContentView.swift */,
				C56CB61027981C0600CBF7E1 /* Assets.xcassets */,
				C56CB61527981C0600CBF7E1 /* Info.plist */,
				C56CB61227981C0600CBF7E1 /* Preview Content */,
			);
			path = Tamagotchi;
			sourceTree = "<group>";
		};
		C56CB61227981C0600CBF7E1 /* Preview Content */ = {
			isa = PBXGroup;
			children = (
				C56CB61327981C0600CBF7E1 /* Preview Assets.xcassets */,
			);
			path = "Preview Content";
			sourceTree = "<group>";
		};
		C56CB61D27981C0600CBF7E1 /* TamagotchiTests */ = {
			isa = PBXGroup;
			children = (
				C56CB61E27981C0600CBF7E1 /* TamagotchiTests.swift */,
				C56CB62027981C0600CBF7E1 /* Info.plist */,
			);
			path = TamagotchiTests;
			sourceTree = "<group>";
		};
		C56CB62827981C0600CBF7E1 /* TamagotchiUITests */ = {
			isa = PBXGroup;
			children = (
				C56CB62927981C0600CBF7E1 /* TamagotchiUITests.swift */,
				C56CB62B27981C0600CBF7E1 /* Info.plist */,
			);
			path = TamagotchiUITests;
			sourceTree = "<group>";
		};
/* End PBXGroup section */

/* Begin PBXNativeTarget section */
		C56CB60827981C0500CBF7E1 /* Tamagotchi */ = {
			isa = PBXNativeTarget;
			buildConfigurationList = C56CB62E27981C0600CBF7E1 /* Build configuration list for PBXNativeTarget "Tamagotchi" */;
			buildPhases = (
				C56CB60527981C0500CBF7E1 /* Sources */,
				C56CB60627981C0500CBF7E1 /* Frameworks */,
				C56CB60727981C0500CBF7E1 /* Resources */,
			);
			buildRules = (
			);
			dependencies = (
			);
			name = Tamagotchi;
			productName = Tamagotchi;
			productReference = C56CB60927981C0500CBF7E1 /* Tamagotchi.app */;
			productType = "com.apple.product-type.application";
		};
		C56CB61927981C0600CBF7E1 /* TamagotchiTests */ = {
			isa = PBXNativeTarget;
			buildConfigurationList = C56CB63127981C0600CBF7E1 /* Build configuration list for PBXNativeTarget "TamagotchiTests" */;
			buildPhases = (
				C56CB61627981C0600CBF7E1 /* Sources */,
				C56CB61727981C0600CBF7E1 /* Frameworks */,
				C56CB61827981C0600CBF7E1 /* Resources */,
			);
			buildRules = (
			);
			dependencies = (
				C56CB61C27981C0600CBF7E1 /* PBXTargetDependency */,
			);
			name = TamagotchiTests;
			productName = TamagotchiTests;
			productReference = C56CB61A27981C0600CBF7E1 /* TamagotchiTests.xctest */;
			productType = "com.apple.product-type.bundle.unit-test";
		};
		C56CB62427981C0600CBF7E1 /* TamagotchiUITests */ = {
			isa = PBXNativeTarget;
			buildConfigurationList = C56CB63427981C0600CBF7E1 /* Build configuration list for PBXNativeTarget "TamagotchiUITests" */;
			buildPhases = (
				C56CB62127981C0600CBF7E1 /* Sources */,
				C56CB62227981C0600CBF7E1 /* Frameworks */,
				C56CB62327981C0600CBF7E1 /* Resources */,
			);
			buildRules = (
			);
			dependencies = (
				C56CB62727981C0600CBF7E1 /* PBXTargetDependency */,
			);
			name = TamagotchiUITests;
			productName = TamagotchiUITests;
			productReference = C56CB62527981C0600CBF7E1 /* TamagotchiUITests.xctest */;
			productType = "com.apple.product-type.bundle.ui-testing";
		};
/* End PBXNativeTarget section */

/* Begin PBXProject section */
		C56CB60127981C0500CBF7E1 /* Project object */ = {
			isa = PBXProject;
			attributes = {
				LastSwiftUpdateCheck = 1240;
				LastUpgradeCheck = 1240;
				TargetAttributes = {
					C56CB60827981C0500CBF7E1 = {
						CreatedOnToolsVersion = 12.4;
					};
					C56CB61927981C0600CBF7E1 = {
						CreatedOnToolsVersion = 12.4;
						TestTargetID = C56CB60827981C0500CBF7E1;
					};
					C56CB62427981C0600CBF7E1 = {
						CreatedOnToolsVersion = 12.4;
						TestTargetID = C56CB60827981C0500CBF7E1;
					};
				};
			};
			buildConfigurationList = C56CB60427981C0500CBF7E1 /* Build configuration list for PBXProject "Tamagotchi" */;
			compatibilityVersion = "Xcode 9.3";
			developmentRegion = en;
			hasScannedForEncodings = 0;
			knownRegions = (
				en,
				Base,
			);
			mainGroup = C56CB60027981C0500CBF7E1;
			productRefGroup = C56CB60A27981C0500CBF7E1 /* Products */;
			projectDirPath = "";
			projectRoot = "";
			targets = (
				C56CB60827981C0500CBF7E1 /* Tamagotchi */,
				C56CB61927981C0600CBF7E1 /* TamagotchiTests */,
				C56CB62427981C0600CBF7E1 /* TamagotchiUITests */,
			);
		};
/* End PBXProject section */

/* Begin PBXResourcesBuildPhase section */
		C56CB60727981C0500CBF7E1 /* Resources */ = {
			isa = PBXResourcesBuildPhase;
			buildActionMask = 2147483647;
			files = (
				C56CB61427981C0600CBF7E1 /* Preview Assets.xcassets in Resources */,
				C56CB61127981C0600CBF7E1 /* Assets.xcassets in Resources */,
			);
			runOnlyForDeploymentPostprocessing = 0;
		};
		C56CB61827981C0600CBF7E1 /* Resources */ = {
			isa = PBXResourcesBuildPhase;
			buildActionMask = 2147483647;
			files = (
			);
			runOnlyForDeploymentPostprocessing = 0;
		};
		C56CB62327981C0600CBF7E1 /* Resources */ = {
			isa = PBXResourcesBuildPhase;
			buildActionMask = 2147483647;
			files = (
			);
			runOnlyForDeploymentPostprocessing = 0;
		};
/* End PBXResourcesBuildPhase section */

/* Begin PBXSourcesBuildPhase section */
		C56CB60527981C0500CBF7E1 /* Sources */ = {
			isa = PBXSourcesBuildPhase;
			buildActionMask = 2147483647;
			files = (
				C56CB60F27981C0500CBF7E1 /* ContentView.swift in Sources */,
				C56CB60D27981C0500CBF7E1 /* TamagotchiApp.swift in Sources */,
			);
			runOnlyForDeploymentPostprocessing = 0;
		};
		C56CB61627981C0600CBF7E1 /* Sources */ = {
			isa = PBXSourcesBuildPhase;
			buildActionMask = 2147483647;
			files = (
				C56CB61F27981C0600CBF7E1 /* TamagotchiTests.swift in Sources */,
			);
			runOnlyForDeploymentPostprocessing = 0;
		};
		C56CB62127981C0600CBF7E1 /* Sources */ = {
			isa = PBXSourcesBuildPhase;
			buildActionMask = 2147483647;
			files = (
				C56CB62A27981C0600CBF7E1 /* TamagotchiUITests.swift in Sources */,
			);
			runOnlyForDeploymentPostprocessing = 0;
		};
/* End PBXSourcesBuildPhase section */

/* Begin PBXTargetDependency section */
		C56CB61C27981C0600CBF7E1 /* PBXTargetDependency */ = {
			isa = PBXTargetDependency;
			target = C56CB60827981C0500CBF7E1 /* Tamagotchi */;
			targetProxy = C56CB61B27981C0600CBF7E1 /* PBXContainerItemProxy */;
		};
		C56CB62727981C0600CBF7E1 /* PBXTargetDependency */ = {
			isa = PBXTargetDependency;
			target = C56CB60827981C0500CBF7E1 /* Tamagotchi */;
			targetProxy = C56CB62627981C0600CBF7E1 /* PBXContainerItemProxy */;
		};
/* End PBXTargetDependency section */

/* Begin XCBuildConfiguration section */
		C56CB62C27981C0600CBF7E1 /* Debug */ = {
			isa = XCBuildConfiguration;
			buildSettings = {
				ALWAYS_SEARCH_USER_PATHS = NO;
				CLANG_ANALYZER_NONNULL = YES;
				CLANG_ANALYZER_NUMBER_OBJECT_CONVERSION = YES_AGGRESSIVE;
				CLANG_CXX_LANGUAGE_STANDARD = "gnu++14";
				CLANG_CXX_LIBRARY = "libc++";
				CLANG_ENABLE_MODULES = YES;
				CLANG_ENABLE_OBJC_ARC = YES;
				CLANG_ENABLE_OBJC_WEAK = YES;
				CLANG_WARN_BLOCK_CAPTURE_AUTORELEASING = YES;
				CLANG_WARN_BOOL_CONVERSION = YES;
				CLANG_WARN_COMMA = YES;
				CLANG_WARN_CONSTANT_CONVERSION = YES;
				CLANG_WARN_DEPRECATED_OBJC_IMPLEMENTATIONS = YES;
				CLANG_WARN_DIRECT_OBJC_ISA_USAGE = YES_ERROR;
				CLANG_WARN_DOCUMENTATION_COMMENTS = YES;
				CLANG_WARN_EMPTY_BODY = YES;
				CLANG_WARN_ENUM_CONVERSION = YES;
				CLANG_WARN_INFINITE_RECURSION = YES;
				CLANG_WARN_INT_CONVERSION = YES;
				CLANG_WARN_NON_LITERAL_NULL_CONVERSION = YES;
				CLANG_WARN_OBJC_IMPLICIT_RETAIN_SELF = YES;
				CLANG_WARN_OBJC_LITERAL_CONVERSION = YES;
				CLANG_WARN_OBJC_ROOT_CLASS = YES_ERROR;
				CLANG_WARN_QUOTED_INCLUDE_IN_FRAMEWORK_HEADER = YES;
				CLANG_WARN_RANGE_LOOP_ANALYSIS = YES;
				CLANG_WARN_STRICT_PROTOTYPES = YES;
				CLANG_WARN_SUSPICIOUS_MOVE = YES;
				CLANG_WARN_UNGUARDED_AVAILABILITY = YES_AGGRESSIVE;
				CLANG_WARN_UNREACHABLE_CODE = YES;
				CLANG_WARN__DUPLICATE_METHOD_MATCH = YES;
				COPY_PHASE_STRIP = NO;
				DEBUG_INFORMATION_FORMAT = dwarf;
				ENABLE_STRICT_OBJC_MSGSEND = YES;
				ENABLE_TESTABILITY = YES;
				GCC_C_LANGUAGE_STANDARD = gnu11;
				GCC_DYNAMIC_NO_PIC = NO;
				GCC_NO_COMMON_BLOCKS = YES;
				GCC_OPTIMIZATION_LEVEL = 0;
				GCC_PREPROCESSOR_DEFINITIONS = (
					"DEBUG=1",
					"$(inherited)",
				);
				GCC_WARN_64_TO_32_BIT_CONVERSION = YES;
				GCC_WARN_ABOUT_RETURN_TYPE = YES_ERROR;
				GCC_WARN_UNDECLARED_SELECTOR = YES;
				GCC_WARN_UNINITIALIZED_AUTOS = YES_AGGRESSIVE;
				GCC_WARN_UNUSED_FUNCTION = YES;
				GCC_WARN_UNUSED_VARIABLE = YES;
				IPHONEOS_DEPLOYMENT_TARGET = 14.4;
				MTL_ENABLE_DEBUG_INFO = INCLUDE_SOURCE;
				MTL_FAST_MATH = YES;
				ONLY_ACTIVE_ARCH = YES;
				SDKROOT = iphoneos;
				SWIFT_ACTIVE_COMPILATION_CONDITIONS = DEBUG;
				SWIFT_OPTIMIZATION_LEVEL = "-Onone";
			};
			name = Debug;
		};
		C56CB62D27981C0600CBF7E1 /* Release */ = {
			isa = XCBuildConfiguration;
			buildSettings = {
				ALWAYS_SEARCH_USER_PATHS = NO;
				CLANG_ANALYZER_NONNULL = YES;
				CLANG_ANALYZER_NUMBER_OBJECT_CONVERSION = YES_AGGRESSIVE;
				CLANG_CXX_LANGUAGE_STANDARD = "gnu++14";
				CLANG_CXX_LIBRARY = "libc++";
				CLANG_ENABLE_MODULES = YES;
				CLANG_ENABLE_OBJC_ARC = YES;
				CLANG_ENABLE_OBJC_WEAK = YES;
				CLANG_WARN_BLOCK_CAPTURE_AUTORELEASING = YES;
				CLANG_WARN_BOOL_CONVERSION = YES;
				CLANG_WARN_COMMA = YES;
				CLANG_WARN_CONSTANT_CONVERSION = YES;
				CLANG_WARN_DEPRECATED_OBJC_IMPLEMENTATIONS = YES;
				CLANG_WARN_DIRECT_OBJC_ISA_USAGE = YES_ERROR;
				CLANG_WARN_DOCUMENTATION_COMMENTS = YES;
				CLANG_WARN_EMPTY_BODY = YES;
				CLANG_WARN_ENUM_CONVERSION = YES;
				CLANG_WARN_INFINITE_RECURSION = YES;
				CLANG_WARN_INT_CONVERSION = YES;
				CLANG_WARN_NON_LITERAL_NULL_CONVERSION = YES;
				CLANG_WARN_OBJC_IMPLICIT_RETAIN_SELF = YES;
				CLANG_WARN_OBJC_LITERAL_CONVERSION = YES;
				CLANG_WARN_OBJC_ROOT_CLASS = YES_ERROR;
				CLANG_WARN_QUOTED_INCLUDE_IN_FRAMEWORK_HEADER = YES;
				CLANG_WARN_RANGE_LOOP_ANALYSIS = YES;
				CLANG_WARN_STRICT_PROTOTYPES = YES;
				CLANG_WARN_SUSPICIOUS_MOVE = YES;
				CLANG_WARN_UNGUARDED_AVAILABILITY = YES_AGGRESSIVE;
				CLANG_WARN_UNREACHABLE_CODE = YES;
				CLANG_WARN__DUPLICATE_METHOD_MATCH = YES;
				COPY_PHASE_STRIP = NO;
				DEBUG_INFORMATION_FORMAT = "dwarf-with-dsym";
				ENABLE_NS_ASSERTIONS = NO;
				ENABLE_STRICT_OBJC_MSGSEND = YES;
				GCC_C_LANGUAGE_STANDARD = gnu11;
				GCC_NO_COMMON_BLOCKS = YES;
				GCC_WARN_64_TO_32_BIT_CONVERSION = YES;
				GCC_WARN_ABOUT_RETURN_TYPE = YES_ERROR;
				GCC_WARN_UNDECLARED_SELECTOR = YES;
				GCC_WARN_UNINITIALIZED_AUTOS = YES_AGGRESSIVE;
				GCC_WARN_UNUSED_FUNCTION = YES;
				GCC_WARN_UNUSED_VARIABLE = YES;
				IPHONEOS_DEPLOYMENT_TARGET = 14.4;
				MTL_ENABLE_DEBUG_INFO = NO;
				MTL_FAST_MATH = YES;
				SDKROOT = iphoneos;
				SWIFT_COMPILATION_MODE = wholemodule;
				SWIFT_OPTIMIZATION_LEVEL = "-O";
				VALIDATE_PRODUCT = YES;
			};
			name = Release;
		};
		C56CB62F27981C0600CBF7E1 /* Debug */ = {
			isa = XCBuildConfiguration;
			buildSettings = {
				ASSETCATALOG_COMPILER_APPICON_NAME = AppIcon;
				ASSETCATALOG_COMPILER_GLOBAL_ACCENT_COLOR_NAME = AccentColor;
				CODE_SIGN_STYLE = Automatic;
				DEVELOPMENT_ASSET_PATHS = "\"Tamagotchi/Preview Content\"";
				ENABLE_PREVIEWS = YES;
				INFOPLIST_FILE = Tamagotchi/Info.plist;
				IPHONEOS_DEPLOYMENT_TARGET = 14.0;
				LD_RUNPATH_SEARCH_PATHS = (
					"$(inherited)",
					"@executable_path/Frameworks",
				);
				PRODUCT_BUNDLE_IDENTIFIER = com.wtao.Tamagotchi;
				PRODUCT_NAME = "$(TARGET_NAME)";
				SWIFT_VERSION = 5.0;
				TARGETED_DEVICE_FAMILY = "1,2";
			};
			name = Debug;
		};
		C56CB63027981C0600CBF7E1 /* Release */ = {
			isa = XCBuildConfiguration;
			buildSettings = {
				ASSETCATALOG_COMPILER_APPICON_NAME = AppIcon;
				ASSETCATALOG_COMPILER_GLOBAL_ACCENT_COLOR_NAME = AccentColor;
				CODE_SIGN_STYLE = Automatic;
				DEVELOPMENT_ASSET_PATHS = "\"Tamagotchi/Preview Content\"";
				ENABLE_PREVIEWS = YES;
				INFOPLIST_FILE = Tamagotchi/Info.plist;
				IPHONEOS_DEPLOYMENT_TARGET = 14.0;
				LD_RUNPATH_SEARCH_PATHS = (
					"$(inherited)",
					"@executable_path/Frameworks",
				);
				PRODUCT_BUNDLE_IDENTIFIER = com.wtao.Tamagotchi;
				PRODUCT_NAME = "$(TARGET_NAME)";
				SWIFT_VERSION = 5.0;
				TARGETED_DEVICE_FAMILY = "1,2";
			};
			name = Release;
		};
		C56CB63227981C0600CBF7E1 /* Debug */ = {
			isa = XCBuildConfiguration;
			buildSettings = {
				ALWAYS_EMBED_SWIFT_STANDARD_LIBRARIES = YES;
				BUNDLE_LOADER = "$(TEST_HOST)";
				CODE_SIGN_STYLE = Automatic;
				INFOPLIST_FILE = TamagotchiTests/Info.plist;
				IPHONEOS_DEPLOYMENT_TARGET = 14.0;
				LD_RUNPATH_SEARCH_PATHS = (
					"$(inherited)",
					"@executable_path/Frameworks",
					"@loader_path/Frameworks",
				);
				PRODUCT_BUNDLE_IDENTIFIER = com.wtao.TamagotchiTests;
				PRODUCT_NAME = "$(TARGET_NAME)";
				SWIFT_VERSION = 5.0;
				TARGETED_DEVICE_FAMILY = "1,2";
				TEST_HOST = "$(BUILT_PRODUCTS_DIR)/Tamagotchi.app/Tamagotchi";
			};
			name = Debug;
		};
		C56CB63327981C0600CBF7E1 /* Release */ = {
			isa = XCBuildConfiguration;
			buildSettings = {
				ALWAYS_EMBED_SWIFT_STANDARD_LIBRARIES = YES;
				BUNDLE_LOADER = "$(TEST_HOST)";
				CODE_SIGN_STYLE = Automatic;
				INFOPLIST_FILE = TamagotchiTests/Info.plist;
				IPHONEOS_DEPLOYMENT_TARGET = 14.0;
				LD_RUNPATH_SEARCH_PATHS = (
					"$(inherited)",
					"@executable_path/Frameworks",
					"@loader_path/Frameworks",
				);
				PRODUCT_BUNDLE_IDENTIFIER = com.wtao.TamagotchiTests;
				PRODUCT_NAME = "$(TARGET_NAME)";
				SWIFT_VERSION = 5.0;
				TARGETED_DEVICE_FAMILY = "1,2";
				TEST_HOST = "$(BUILT_PRODUCTS_DIR)/Tamagotchi.app/Tamagotchi";
			};
			name = Release;
		};
		C56CB63527981C0600CBF7E1 /* Debug */ = {
			isa = XCBuildConfiguration;
			buildSettings = {
				ALWAYS_EMBED_SWIFT_STANDARD_LIBRARIES = YES;
				CODE_SIGN_STYLE = Automatic;
				INFOPLIST_FILE = TamagotchiUITests/Info.plist;
				LD_RUNPATH_SEARCH_PATHS = (
					"$(inherited)",
					"@executable_path/Frameworks",
					"@loader_path/Frameworks",
				);
				PRODUCT_BUNDLE_IDENTIFIER = com.wtao.TamagotchiUITests;
				PRODUCT_NAME = "$(TARGET_NAME)";
				SWIFT_VERSION = 5.0;
				TARGETED_DEVICE_FAMILY = "1,2";
				TEST_TARGET_NAME = Tamagotchi;
			};
			name = Debug;
		};
		C56CB63627981C0600CBF7E1 /* Release */ = {
			isa = XCBuildConfiguration;
			buildSettings = {
				ALWAYS_EMBED_SWIFT_STANDARD_LIBRARIES = YES;
				CODE_SIGN_STYLE = Automatic;
				INFOPLIST_FILE = TamagotchiUITests/Info.plist;
				LD_RUNPATH_SEARCH_PATHS = (
					"$(inherited)",
					"@executable_path/Frameworks",
					"@loader_path/Frameworks",
				);
				PRODUCT_BUNDLE_IDENTIFIER = com.wtao.TamagotchiUITests;
				PRODUCT_NAME = "$(TARGET_NAME)";
				SWIFT_VERSION = 5.0;
				TARGETED_DEVICE_FAMILY = "1,2";
				TEST_TARGET_NAME = Tamagotchi;
			};
			name = Release;
		};
/* End XCBuildConfiguration section */

/* Begin XCConfigurationList section */
		C56CB60427981C0500CBF7E1 /* Build configuration list for PBXProject "Tamagotchi" */ = {
			isa = XCConfigurationList;
			buildConfigurations = (
				C56CB62C27981C0600CBF7E1 /* Debug */,
				C56CB62D27981C0600CBF7E1 /* Release */,
			);
			defaultConfigurationIsVisible = 0;
			defaultConfigurationName = Release;
		};
		C56CB62E27981C0600CBF7E1 /* Build configuration list for PBXNativeTarget "Tamagotchi" */ = {
			isa = XCConfigurationList;
			buildConfigurations = (
				C56CB62F27981C0600CBF7E1 /* Debug */,
				C56CB63027981C0600CBF7E1 /* Release */,
			);
			defaultConfigurationIsVisible = 0;
			defaultConfigurationName = Release;
		};
		C56CB63127981C0600CBF7E1 /* Build configuration list for PBXNativeTarget "TamagotchiTests" */ = {
			isa = XCConfigurationList;
			buildConfigurations = (
				C56CB63227981C0600CBF7E1 /* Debug */,
				C56CB63327981C0600CBF7E1 /* Release */,
			);
			defaultConfigurationIsVisible = 0;
			defaultConfigurationName = Release;
		};
		C56CB63427981C0600CBF7E1 /* Build configuration list for PBXNativeTarget "TamagotchiUITests" */ = {
			isa = XCConfigurationList;
			buildConfigurations = (
				C56CB63527981C0600CBF7E1 /* Debug */,
				C56CB63627981C0600CBF7E1 /* Release */,
			);
			defaultConfigurationIsVisible = 0;
			defaultConfigurationName = Release;
		};
/* End XCConfigurationList section */
	};
	rootObject = C56CB60127981C0500CBF7E1 /* Project object */;
}
